
Microsoft Visual Studio Solution File, Format Version 10.00
# Visual Studio 2008
Project("{8BC9CEB8-8B4A-11D0-8D11-00A0C91BC942}") = "crashchk", "crashchk\crashchk.vcproj", "{0B7845DE-5FEB-49CE-A352-1DBCCABDC27C}"
	ProjectSection(ProjectDependencies) = postProject
		{F913962D-8A99-45D3-8D10-69F8CE39845C} = {F913962D-8A99-45D3-8D10-69F8CE39845C}
		{C1AEAF79-15AB-40E6-BAA9-C968B1177C4A} = {C1AEAF79-15AB-40E6-BAA9-C968B1177C4A}
		{2E0415C9-AA58-4B90-8166-B95C1AD39914} = {2E0415C9-AA58-4B90-8166-B95C1AD39914}
	EndProjectSection
EndProject
Project("{8BC9CEB8-8B4A-11D0-8D11-00A0C91BC942}") = "salign", "salign\salign.vcproj", "{118DF2E9-25BA-4A05-B03F-89A3824B61D7}"
	ProjectSection(ProjectDependencies) = postProject
		{F913962D-8A99-45D3-8D10-69F8CE39845C} = {F913962D-8A99-45D3-8D10-69F8CE39845C}
		{C1AEAF79-15AB-40E6-BAA9-C968B1177C4A} = {C1AEAF79-15AB-40E6-BAA9-C968B1177C4A}
		{2E0415C9-AA58-4B90-8166-B95C1AD39914} = {2E0415C9-AA58-4B90-8166-B95C1AD39914}
	EndProjectSection
EndProject
Project("{8BC9CEB8-8B4A-11D0-8D11-00A0C91BC942}") = "concatmodels", "concatmodels\concatmodels.vcproj", "{6FC085AA-9F7B-4836-9C27-EB64FDBBD4C4}"
	ProjectSection(ProjectDependencies) = postProject
		{F913962D-8A99-45D3-8D10-69F8CE39845C} = {F913962D-8A99-45D3-8D10-69F8CE39845C}
		{C1AEAF79-15AB-40E6-BAA9-C968B1177C4A} = {C1AEAF79-15AB-40E6-BAA9-C968B1177C4A}
		{2E0415C9-AA58-4B90-8166-B95C1AD39914} = {2E0415C9-AA58-4B90-8166-B95C1AD39914}
	EndProjectSection
EndProject
Project("{8BC9CEB8-8B4A-11D0-8D11-00A0C91BC942}") = "analyzeMovie", "analyzeMovie\analyzeMovie.vcproj", "{249C1FF4-A155-480F-AAD2-525FCF3956CA}"
	ProjectSection(ProjectDependencies) = postProject
		{F913962D-8A99-45D3-8D10-69F8CE39845C} = {F913962D-8A99-45D3-8D10-69F8CE39845C}
		{C1AEAF79-15AB-40E6-BAA9-C968B1177C4A} = {C1AEAF79-15AB-40E6-BAA9-C968B1177C4A}
		{2E0415C9-AA58-4B90-8166-B95C1AD39914} = {2E0415C9-AA58-4B90-8166-B95C1AD39914}
	EndProjectSection
EndProject
Project("{8BC9CEB8-8B4A-11D0-8D11-00A0C91BC942}") = "trades", "trades\trades.vcproj", "{ACA7670E-4AF6-423A-9212-36898A91AC0D}"
	ProjectSection(ProjectDependencies) = postProject
		{F913962D-8A99-45D3-8D10-69F8CE39845C} = {F913962D-8A99-45D3-8D10-69F8CE39845C}
		{C1AEAF79-15AB-40E6-BAA9-C968B1177C4A} = {C1AEAF79-15AB-40E6-BAA9-C968B1177C4A}
		{2E0415C9-AA58-4B90-8166-B95C1AD39914} = {2E0415C9-AA58-4B90-8166-B95C1AD39914}
	EndProjectSection
EndProject
Project("{8BC9CEB8-8B4A-11D0-8D11-00A0C91BC942}") = "solvate", "solvate\solvate.vcproj", "{50B29BB4-2160-4497-B05A-DF4E4C032F23}"
	ProjectSection(ProjectDependencies) = postProject
		{F913962D-8A99-45D3-8D10-69F8CE39845C} = {F913962D-8A99-45D3-8D10-69F8CE39845C}
		{C1AEAF79-15AB-40E6-BAA9-C968B1177C4A} = {C1AEAF79-15AB-40E6-BAA9-C968B1177C4A}
		{2E0415C9-AA58-4B90-8166-B95C1AD39914} = {2E0415C9-AA58-4B90-8166-B95C1AD39914}
	EndProjectSection
EndProject
Project("{8BC9CEB8-8B4A-11D0-8D11-00A0C91BC942}") = "benchtraj", "benchtraj\benchtraj.vcproj", "{F033A5AB-D5E9-4F69-82A2-A88445908536}"
	ProjectSection(ProjectDependencies) = postProject
		{F913962D-8A99-45D3-8D10-69F8CE39845C} = {F913962D-8A99-45D3-8D10-69F8CE39845C}
		{C1AEAF79-15AB-40E6-BAA9-C968B1177C4A} = {C1AEAF79-15AB-40E6-BAA9-C968B1177C4A}
		{2E0415C9-AA58-4B90-8166-B95C1AD39914} = {2E0415C9-AA58-4B90-8166-B95C1AD39914}
	EndProjectSection
EndProject
Project("{8BC9CEB8-8B4A-11D0-8D11-00A0C91BC942}") = "solvateL", "solvateL\solvateL.vcproj", "{1B56C9D5-8A87-429A-A352-D6D3F328F958}"
	ProjectSection(ProjectDependencies) = postProject
		{F913962D-8A99-45D3-8D10-69F8CE39845C} = {F913962D-8A99-45D3-8D10-69F8CE39845C}
		{C1AEAF79-15AB-40E6-BAA9-C968B1177C4A} = {C1AEAF79-15AB-40E6-BAA9-C968B1177C4A}
		{2E0415C9-AA58-4B90-8166-B95C1AD39914} = {2E0415C9-AA58-4B90-8166-B95C1AD39914}
	EndProjectSection
EndProject
Project("{8BC9CEB8-8B4A-11D0-8D11-00A0C91BC942}") = "ramangL", "ramangL\ramangL.vcproj", "{0A4C8FC9-FA89-4484-9C39-A57748FA3B6F}"
	ProjectSection(ProjectDependencies) = postProject
		{F913962D-8A99-45D3-8D10-69F8CE39845C} = {F913962D-8A99-45D3-8D10-69F8CE39845C}
		{C1AEAF79-15AB-40E6-BAA9-C968B1177C4A} = {C1AEAF79-15AB-40E6-BAA9-C968B1177C4A}
		{2E0415C9-AA58-4B90-8166-B95C1AD39914} = {2E0415C9-AA58-4B90-8166-B95C1AD39914}
	EndProjectSection
EndProject
Project("{8BC9CEB8-8B4A-11D0-8D11-00A0C91BC942}") = "libfoldtrj", "libfoldtrj.vcproj", "{F913962D-8A99-45D3-8D10-69F8CE39845C}"
EndProject
Project("{8BC9CEB8-8B4A-11D0-8D11-00A0C91BC942}") = "libmaketrj", "libmaketrj.vcproj", "{C1AEAF79-15AB-40E6-BAA9-C968B1177C4A}"
EndProject
Project("{8BC9CEB8-8B4A-11D0-8D11-00A0C91BC942}") = "libmmdbtrj", "libmmdbtrj.vcproj", "{2E0415C9-AA58-4B90-8166-B95C1AD39914}"
EndProject
Project("{8BC9CEB8-8B4A-11D0-8D11-00A0C91BC942}") = "seq2trj", "seq2trj\seq2trj.vcproj", "{8209006E-41B8-4ADD-8D88-0E06D71B5161}"
	ProjectSection(ProjectDependencies) = postProject
		{F913962D-8A99-45D3-8D10-69F8CE39845C} = {F913962D-8A99-45D3-8D10-69F8CE39845C}
		{C1AEAF79-15AB-40E6-BAA9-C968B1177C4A} = {C1AEAF79-15AB-40E6-BAA9-C968B1177C4A}
		{2E0415C9-AA58-4B90-8166-B95C1AD39914} = {2E0415C9-AA58-4B90-8166-B95C1AD39914}
	EndProjectSection
EndProject
Project("{8BC9CEB8-8B4A-11D0-8D11-00A0C91BC942}") = "str2trj", "str2trj\str2trj.vcproj", "{C1F01B2D-BA76-4B78-BF54-2A389D7F1FB2}"
	ProjectSection(ProjectDependencies) = postProject
		{F913962D-8A99-45D3-8D10-69F8CE39845C} = {F913962D-8A99-45D3-8D10-69F8CE39845C}
		{C1AEAF79-15AB-40E6-BAA9-C968B1177C4A} = {C1AEAF79-15AB-40E6-BAA9-C968B1177C4A}
		{2E0415C9-AA58-4B90-8166-B95C1AD39914} = {2E0415C9-AA58-4B90-8166-B95C1AD39914}
	EndProjectSection
EndProject
Project("{8BC9CEB8-8B4A-11D0-8D11-00A0C91BC942}") = "prt2bin", "prt2bin\prt2bin.vcproj", "{52CFD53D-8900-4606-B14F-07677FF3920C}"
EndProject
Project("{8BC9CEB8-8B4A-11D0-8D11-00A0C91BC942}") = "strmerge", "strMerge\strmerge.vcproj", "{409DE7BB-7385-4683-9DB6-789025A4DB1E}"
EndProject
Project("{8BC9CEB8-8B4A-11D0-8D11-00A0C91BC942}") = "bin2prt", "bin2prt\bin2prt.vcproj", "{016B9D0A-9108-4555-B7A1-3F02DDAFD43D}"
EndProject
Project("{8BC9CEB8-8B4A-11D0-8D11-00A0C91BC942}") = "str2pdb", "str2pdb\str2pdb.vcproj", "{FEFDDE8D-2F9D-478D-8C6F-BF2E3CC3B74C}"
EndProject
Project("{8BC9CEB8-8B4A-11D0-8D11-00A0C91BC942}") = "strsummary", "strSummary\strSummary.vcproj", "{E955B59B-C8A1-48DE-A110-464DA5167D44}"
EndProject
Global
	GlobalSection(SolutionConfigurationPlatforms) = preSolution
		Debug|Win32 = Debug|Win32
		Release|Win32 = Release|Win32
	EndGlobalSection
	GlobalSection(ProjectConfigurationPlatforms) = postSolution
		{0B7845DE-5FEB-49CE-A352-1DBCCABDC27C}.Debug|Win32.ActiveCfg = Debug|Win32
		{0B7845DE-5FEB-49CE-A352-1DBCCABDC27C}.Debug|Win32.Build.0 = Debug|Win32
		{0B7845DE-5FEB-49CE-A352-1DBCCABDC27C}.Release|Win32.ActiveCfg = Release|Win32
		{0B7845DE-5FEB-49CE-A352-1DBCCABDC27C}.Release|Win32.Build.0 = Release|Win32
		{118DF2E9-25BA-4A05-B03F-89A3824B61D7}.Debug|Win32.ActiveCfg = Debug|Win32
		{118DF2E9-25BA-4A05-B03F-89A3824B61D7}.Debug|Win32.Build.0 = Debug|Win32
		{118DF2E9-25BA-4A05-B03F-89A3824B61D7}.Release|Win32.ActiveCfg = Release|Win32
		{118DF2E9-25BA-4A05-B03F-89A3824B61D7}.Release|Win32.Build.0 = Release|Win32
		{6FC085AA-9F7B-4836-9C27-EB64FDBBD4C4}.Debug|Win32.ActiveCfg = Debug|Win32
		{6FC085AA-9F7B-4836-9C27-EB64FDBBD4C4}.Debug|Win32.Build.0 = Debug|Win32
		{6FC085AA-9F7B-4836-9C27-EB64FDBBD4C4}.Release|Win32.ActiveCfg = Release|Win32
		{6FC085AA-9F7B-4836-9C27-EB64FDBBD4C4}.Release|Win32.Build.0 = Release|Win32
		{249C1FF4-A155-480F-AAD2-525FCF3956CA}.Debug|Win32.ActiveCfg = Debug|Win32
		{249C1FF4-A155-480F-AAD2-525FCF3956CA}.Debug|Win32.Build.0 = Debug|Win32
		{249C1FF4-A155-480F-AAD2-525FCF3956CA}.Release|Win32.ActiveCfg = Release|Win32
		{249C1FF4-A155-480F-AAD2-525FCF3956CA}.Release|Win32.Build.0 = Release|Win32
		{ACA7670E-4AF6-423A-9212-36898A91AC0D}.Debug|Win32.ActiveCfg = Debug|Win32
		{ACA7670E-4AF6-423A-9212-36898A91AC0D}.Debug|Win32.Build.0 = Debug|Win32
		{ACA7670E-4AF6-423A-9212-36898A91AC0D}.Release|Win32.ActiveCfg = Release|Win32
		{ACA7670E-4AF6-423A-9212-36898A91AC0D}.Release|Win32.Build.0 = Release|Win32
		{50B29BB4-2160-4497-B05A-DF4E4C032F23}.Debug|Win32.ActiveCfg = Debug|Win32
		{50B29BB4-2160-4497-B05A-DF4E4C032F23}.Debug|Win32.Build.0 = Debug|Win32
		{50B29BB4-2160-4497-B05A-DF4E4C032F23}.Release|Win32.ActiveCfg = Release|Win32
		{50B29BB4-2160-4497-B05A-DF4E4C032F23}.Release|Win32.Build.0 = Release|Win32
		{F033A5AB-D5E9-4F69-82A2-A88445908536}.Debug|Win32.ActiveCfg = Debug|Win32
		{F033A5AB-D5E9-4F69-82A2-A88445908536}.Debug|Win32.Build.0 = Debug|Win32
		{F033A5AB-D5E9-4F69-82A2-A88445908536}.Release|Win32.ActiveCfg = Release|Win32
		{F033A5AB-D5E9-4F69-82A2-A88445908536}.Release|Win32.Build.0 = Release|Win32
		{1B56C9D5-8A87-429A-A352-D6D3F328F958}.Debug|Win32.ActiveCfg = Debug|Win32
		{1B56C9D5-8A87-429A-A352-D6D3F328F958}.Debug|Win32.Build.0 = Debug|Win32
		{1B56C9D5-8A87-429A-A352-D6D3F328F958}.Release|Win32.ActiveCfg = Release|Win32
		{1B56C9D5-8A87-429A-A352-D6D3F328F958}.Release|Win32.Build.0 = Release|Win32
		{0A4C8FC9-FA89-4484-9C39-A57748FA3B6F}.Debug|Win32.ActiveCfg = Debug|Win32
		{0A4C8FC9-FA89-4484-9C39-A57748FA3B6F}.Debug|Win32.Build.0 = Debug|Win32
		{0A4C8FC9-FA89-4484-9C39-A57748FA3B6F}.Release|Win32.ActiveCfg = Release|Win32
		{0A4C8FC9-FA89-4484-9C39-A57748FA3B6F}.Release|Win32.Build.0 = Release|Win32
		{F913962D-8A99-45D3-8D10-69F8CE39845C}.Debug|Win32.ActiveCfg = Debug|Win32
		{F913962D-8A99-45D3-8D10-69F8CE39845C}.Debug|Win32.Build.0 = Debug|Win32
		{F913962D-8A99-45D3-8D10-69F8CE39845C}.Release|Win32.ActiveCfg = Release|Win32
		{F913962D-8A99-45D3-8D10-69F8CE39845C}.Release|Win32.Build.0 = Release|Win32
		{C1AEAF79-15AB-40E6-BAA9-C968B1177C4A}.Debug|Win32.ActiveCfg = Debug|Win32
		{C1AEAF79-15AB-40E6-BAA9-C968B1177C4A}.Debug|Win32.Build.0 = Debug|Win32
		{C1AEAF79-15AB-40E6-BAA9-C968B1177C4A}.Release|Win32.ActiveCfg = Release|Win32
		{C1AEAF79-15AB-40E6-BAA9-C968B1177C4A}.Release|Win32.Build.0 = Release|Win32
		{2E0415C9-AA58-4B90-8166-B95C1AD39914}.Debug|Win32.ActiveCfg = Debug|Win32
		{2E0415C9-AA58-4B90-8166-B95C1AD39914}.Debug|Win32.Build.0 = Debug|Win32
		{2E0415C9-AA58-4B90-8166-B95C1AD39914}.Release|Win32.ActiveCfg = Release|Win32
		{2E0415C9-AA58-4B90-8166-B95C1AD39914}.Release|Win32.Build.0 = Release|Win32
		{8209006E-41B8-4ADD-8D88-0E06D71B5161}.Debug|Win32.ActiveCfg = Debug|Win32
		{8209006E-41B8-4ADD-8D88-0E06D71B5161}.Debug|Win32.Build.0 = Debug|Win32
		{8209006E-41B8-4ADD-8D88-0E06D71B5161}.Release|Win32.ActiveCfg = Release|Win32
		{8209006E-41B8-4ADD-8D88-0E06D71B5161}.Release|Win32.Build.0 = Release|Win32
		{C1F01B2D-BA76-4B78-BF54-2A389D7F1FB2}.Debug|Win32.ActiveCfg = Debug|Win32
		{C1F01B2D-BA76-4B78-BF54-2A389D7F1FB2}.Debug|Win32.Build.0 = Debug|Win32
		{C1F01B2D-BA76-4B78-BF54-2A389D7F1FB2}.Release|Win32.ActiveCfg = Release|Win32
		{C1F01B2D-BA76-4B78-BF54-2A389D7F1FB2}.Release|Win32.Build.0 = Release|Win32
		{52CFD53D-8900-4606-B14F-07677FF3920C}.Debug|Win32.ActiveCfg = Debug|Win32
		{52CFD53D-8900-4606-B14F-07677FF3920C}.Debug|Win32.Build.0 = Debug|Win32
		{52CFD53D-8900-4606-B14F-07677FF3920C}.Release|Win32.ActiveCfg = Release|Win32
		{52CFD53D-8900-4606-B14F-07677FF3920C}.Release|Win32.Build.0 = Release|Win32
		{409DE7BB-7385-4683-9DB6-789025A4DB1E}.Debug|Win32.ActiveCfg = Debug|Win32
		{409DE7BB-7385-4683-9DB6-789025A4DB1E}.Debug|Win32.Build.0 = Debug|Win32
		{409DE7BB-7385-4683-9DB6-789025A4DB1E}.Release|Win32.ActiveCfg = Release|Win32
		{409DE7BB-7385-4683-9DB6-789025A4DB1E}.Release|Win32.Build.0 = Release|Win32
		{016B9D0A-9108-4555-B7A1-3F02DDAFD43D}.Debug|Win32.ActiveCfg = Debug|Win32
		{016B9D0A-9108-4555-B7A1-3F02DDAFD43D}.Debug|Win32.Build.0 = Debug|Win32
		{016B9D0A-9108-4555-B7A1-3F02DDAFD43D}.Release|Win32.ActiveCfg = Release|Win32
		{016B9D0A-9108-4555-B7A1-3F02DDAFD43D}.Release|Win32.Build.0 = Release|Win32
		{FEFDDE8D-2F9D-478D-8C6F-BF2E3CC3B74C}.Debug|Win32.ActiveCfg = Debug|Win32
		{FEFDDE8D-2F9D-478D-8C6F-BF2E3CC3B74C}.Debug|Win32.Build.0 = Debug|Win32
		{FEFDDE8D-2F9D-478D-8C6F-BF2E3CC3B74C}.Release|Win32.ActiveCfg = Release|Win32
		{FEFDDE8D-2F9D-478D-8C6F-BF2E3CC3B74C}.Release|Win32.Build.0 = Release|Win32
		{E955B59B-C8A1-48DE-A110-464DA5167D44}.Debug|Win32.ActiveCfg = Debug|Win32
		{E955B59B-C8A1-48DE-A110-464DA5167D44}.Debug|Win32.Build.0 = Debug|Win32
		{E955B59B-C8A1-48DE-A110-464DA5167D44}.Release|Win32.ActiveCfg = Release|Win32
		{E955B59B-C8A1-48DE-A110-464DA5167D44}.Release|Win32.Build.0 = Release|Win32
	EndGlobalSection
	GlobalSection(SolutionProperties) = preSolution
		HideSolutionNode = FALSE
	EndGlobalSection
EndGlobal
