
Microsoft Visual Studio Solution File, Format Version 10.00
# Visual Studio 2008
Project("{8BC9CEB8-8B4A-11D0-8D11-00A0C91BC942}") = "libmaketrj", "libmaketrj.vcproj", "{C1AEAF79-15AB-40E6-BAA9-C968B1177C4A}"
EndProject
Global
	GlobalSection(SolutionConfigurationPlatforms) = preSolution
		Debug|Win32 = Debug|Win32
		Release|Win32 = Release|Win32
	EndGlobalSection
	GlobalSection(ProjectConfigurationPlatforms) = postSolution
		{C1AEAF79-15AB-40E6-BAA9-C968B1177C4A}.Debug|Win32.ActiveCfg = Debug|Win32
		{C1AEAF79-15AB-40E6-BAA9-C968B1177C4A}.Debug|Win32.Build.0 = Debug|Win32
		{C1AEAF79-15AB-40E6-BAA9-C968B1177C4A}.Release|Win32.ActiveCfg = Release|Win32
		{C1AEAF79-15AB-40E6-BAA9-C968B1177C4A}.Release|Win32.Build.0 = Release|Win32
	EndGlobalSection
	GlobalSection(SolutionProperties) = preSolution
		HideSolutionNode = FALSE
	EndGlobalSection
EndGlobal
